
Microsoft Visual Studio Solution File, Format Version 12.00
# Visual Studio Version 17
VisualStudioVersion = 17.5.33424.131
MinimumVisualStudioVersion = 10.0.40219.1
Project("{FAE04EC0-301F-11D3-BF4B-00C04F79EFBC}") = "Semestr1_Lekcja13_2", "Semestr1_Lekcja13_2\Semestr1_Lekcja13_2.csproj", "{18CF5FB0-1CA8-4971-AE68-7EE5E160B624}"
EndProject
Project("{FAE04EC0-301F-11D3-BF4B-00C04F79EFBC}") = "Kółko_i_krzyżyk", "Kółko_i_krzyżyk\Kółko_i_krzyżyk.csproj", "{EDBC80D5-BABD-4BDC-82B8-7F752CFDA83F}"
EndProject
Global
	GlobalSection(SolutionConfigurationPlatforms) = preSolution
		Debug|Any CPU = Debug|Any CPU
		Release|Any CPU = Release|Any CPU
	EndGlobalSection
	GlobalSection(ProjectConfigurationPlatforms) = postSolution
		{18CF5FB0-1CA8-4971-AE68-7EE5E160B624}.Debug|Any CPU.ActiveCfg = Debug|Any CPU
		{18CF5FB0-1CA8-4971-AE68-7EE5E160B624}.Debug|Any CPU.Build.0 = Debug|Any CPU
		{18CF5FB0-1CA8-4971-AE68-7EE5E160B624}.Release|Any CPU.ActiveCfg = Release|Any CPU
		{18CF5FB0-1CA8-4971-AE68-7EE5E160B624}.Release|Any CPU.Build.0 = Release|Any CPU
		{EDBC80D5-BABD-4BDC-82B8-7F752CFDA83F}.Debug|Any CPU.ActiveCfg = Debug|Any CPU
		{EDBC80D5-BABD-4BDC-82B8-7F752CFDA83F}.Debug|Any CPU.Build.0 = Debug|Any CPU
		{EDBC80D5-BABD-4BDC-82B8-7F752CFDA83F}.Release|Any CPU.ActiveCfg = Release|Any CPU
		{EDBC80D5-BABD-4BDC-82B8-7F752CFDA83F}.Release|Any CPU.Build.0 = Release|Any CPU
	EndGlobalSection
	GlobalSection(SolutionProperties) = preSolution
		HideSolutionNode = FALSE
	EndGlobalSection
	GlobalSection(ExtensibilityGlobals) = postSolution
		SolutionGuid = {F3D751B2-0784-4AA3-9D21-D2CF33432C2C}
	EndGlobalSection
EndGlobal
